// !$*UTF8*$!
{
	archiveVersion = 1;
	classes = {
	};
	objectVersion = 77;
	objects = {

/* Begin PBXContainerItemProxy section */
		3CCED02A2FF2255C00CAFBBF /* PBXContainerItemProxy */ = {
			isa = PBXContainerItemProxy;
			containerPortal = 3CCED0142FF2255B00CAFBBF /* Project object */;
			proxyType = 1;
			remoteGlobalIDString = 3CCED01B2FF2255B00CAFBBF;
			remoteInfo = PaperTracker;
		};
		3CCED0342FF2255C00CAFBBF /* PBXContainerItemProxy */ = {
			isa = PBXContainerItemProxy;
			containerPortal = 3CCED0142FF2255B00CAFBBF /* Project object */;
			proxyType = 1;
			remoteGlobalIDString = 3CCED01B2FF2255B00CAFBBF;
			remoteInfo = PaperTracker;
		};
/* End PBXContainerItemProxy section */

/* Begin PBXFileReference section */
		3CCED01C2FF2255B00CAFBBF /* PaperTracker.app */ = {isa = PBXFileReference; explicitFileType = wrapper.application; includeInIndex = 0; path = PaperTracker.app; sourceTree = BUILT_PRODUCTS_DIR; };
		3CCED0292FF2255C00CAFBBF /* PaperTrackerTests.xctest */ = {isa = PBXFileReference; explicitFileType = wrapper.cfbundle; includeInIndex = 0; path = PaperTrackerTests.xctest; sourceTree = BUILT_PRODUCTS_DIR; };
		3CCED0332FF2255C00CAFBBF /* PaperTrackerUITests.xctest */ = {isa = PBXFileReference; explicitFileType = wrapper.cfbundle; includeInIndex = 0; path = PaperTrackerUITests.xctest; sourceTree = BUILT_PRODUCTS_DIR; };
/* End PBXFileReference section */

/* Begin PBXFileSystemSynchronizedRootGroup section */
		3CCED01E2FF2255B00CAFBBF /* PaperTracker */ = {
			isa = PBXFileSystemSynchronizedRootGroup;
			path = PaperTracker;
			sourceTree = "<group>";
		};
		3CCED02C2FF2255C00CAFBBF /* PaperTrackerTests */ = {
			isa = PBXFileSystemSynchronizedRootGroup;
			path = PaperTrackerTests;
			sourceTree = "<group>";
		};
		3CCED0362FF2255C00CAFBBF /* PaperTrackerUITests */ = {
			isa = PBXFileSystemSynchronizedRootGroup;
			path = PaperTrackerUITests;
			sourceTree = "<group>";
		};
/* End PBXFileSystemSynchronizedRootGroup section */

/* Begin PBXFrameworksBuildPhase section */
		3CCED0192FF2255B00CAFBBF /* Frameworks */ = {
			isa = PBXFrameworksBuildPhase;
			buildActionMask = 2147483647;
			files = (
			);
			runOnlyForDeploymentPostprocessing = 0;
		};
		3CCED0262FF2255C00CAFBBF /* Frameworks */ = {
			isa = PBXFrameworksBuildPhase;
			buildActionMask = 2147483647;
			files = (
			);
			runOnlyForDeploymentPostprocessing = 0;
		};
		3CCED0302FF2255C00CAFBBF /* Frameworks */ = {
			isa = PBXFrameworksBuildPhase;
			buildActionMask = 2147483647;
			files = (
			);
			runOnlyForDeploymentPostprocessing = 0;
		};
/* End PBXFrameworksBuildPhase section */

/* Begin PBXGroup section */
		3CCED0132FF2255B00CAFBBF = {
			isa = PBXGroup;
			children = (
				3CCED01E2FF2255B00CAFBBF /* PaperTracker */,
				3CCED02C2FF2255C00CAFBBF /* PaperTrackerTests */,
				3CCED0362FF2255C00CAFBBF /* PaperTrackerUITests */,
				3CCED01D2FF2255B00CAFBBF /* Products */,
			);
			sourceTree = "<group>";
		};
		3CCED01D2FF2255B00CAFBBF /* Products */ = {
			isa = PBXGroup;
			children = (
				3CCED01C2FF2255B00CAFBBF /* PaperTracker.app */,
				3CCED0292FF2255C00CAFBBF /* PaperTrackerTests.xctest */,
				3CCED0332FF2255C00CAFBBF /* PaperTrackerUITests.xctest */,
			);
			name = Products;
			sourceTree = "<group>";
		};
/* End PBXGroup section */

/* Begin PBXNativeTarget section */
		3CCED01B2FF2255B00CAFBBF /* PaperTracker */ = {
			isa = PBXNativeTarget;
			buildConfigurationList = 3CCED03D2FF2255C00CAFBBF /* Build configuration list for PBXNativeTarget "PaperTracker" */;
			buildPhases = (
				3CCED0182FF2255B00CAFBBF /* Sources */,
				3CCED0192FF2255B00CAFBBF /* Frameworks */,
				3CCED01A2FF2255B00CAFBBF /* Resources */,
			);
			buildRules = (
			);
			dependencies = (
			);
			fileSystemSynchronizedGroups = (
				3CCED01E2FF2255B00CAFBBF /* PaperTracker */,
			);
			name = PaperTracker;
			packageProductDependencies = (
			);
			productName = PaperTracker;
			productReference = 3CCED01C2FF2255B00CAFBBF /* PaperTracker.app */;
			productType = "com.apple.product-type.application";
		};
		3CCED0282FF2255C00CAFBBF /* PaperTrackerTests */ = {
			isa = PBXNativeTarget;
			buildConfigurationList = 3CCED0402FF2255C00CAFBBF /* Build configuration list for PBXNativeTarget "PaperTrackerTests" */;
			buildPhases = (
				3CCED0252FF2255C00CAFBBF /* Sources */,
				3CCED0262FF2255C00CAFBBF /* Frameworks */,
				3CCED0272FF2255C00CAFBBF /* Resources */,
			);
			buildRules = (
			);
			dependencies = (
				3CCED02B2FF2255C00CAFBBF /* PBXTargetDependency */,
			);
			fileSystemSynchronizedGroups = (
				3CCED02C2FF2255C00CAFBBF /* PaperTrackerTests */,
			);
			name = PaperTrackerTests;
			packageProductDependencies = (
			);
			productName = PaperTrackerTests;
			productReference = 3CCED0292FF2255C00CAFBBF /* PaperTrackerTests.xctest */;
			productType = "com.apple.product-type.bundle.unit-test";
		};
		3CCED0322FF2255C00CAFBBF /* PaperTrackerUITests */ = {
			isa = PBXNativeTarget;
			buildConfigurationList = 3CCED0432FF2255C00CAFBBF /* Build configuration list for PBXNativeTarget "PaperTrackerUITests" */;
			buildPhases = (
				3CCED02F2FF2255C00CAFBBF /* Sources */,
				3CCED0302FF2255C00CAFBBF /* Frameworks */,
				3CCED0312FF2255C00CAFBBF /* Resources */,
			);
			buildRules = (
			);
			dependencies = (
				3CCED0352FF2255C00CAFBBF /* PBXTargetDependency */,
			);
			fileSystemSynchronizedGroups = (
				3CCED0362FF2255C00CAFBBF /* PaperTrackerUITests */,
			);
			name = PaperTrackerUITests;
			packageProductDependencies = (
			);
			productName = PaperTrackerUITests;
			productReference = 3CCED0332FF2255C00CAFBBF /* PaperTrackerUITests.xctest */;
			productType = "com.apple.product-type.bundle.ui-testing";
		};
/* End PBXNativeTarget section */

/* Begin PBXProject section */
		3CCED0142FF2255B00CAFBBF /* Project object */ = {
			isa = PBXProject;
			attributes = {
				BuildIndependentTargetsInParallel = 1;
				LastSwiftUpdateCheck = 2660;
				LastUpgradeCheck = 2660;
				TargetAttributes = {
					3CCED01B2FF2255B00CAFBBF = {
						CreatedOnToolsVersion = 26.6;
					};
					3CCED0282FF2255C00CAFBBF = {
						CreatedOnToolsVersion = 26.6;
						TestTargetID = 3CCED01B2FF2255B00CAFBBF;
					};
					3CCED0322FF2255C00CAFBBF = {
						CreatedOnToolsVersion = 26.6;
						TestTargetID = 3CCED01B2FF2255B00CAFBBF;
					};
				};
			};
			buildConfigurationList = 3CCED0172FF2255B00CAFBBF /* Build configuration list for PBXProject "PaperTracker" */;
			developmentRegion = en;
			hasScannedForEncodings = 0;
			knownRegions = (
				en,
				Base,
			);
			mainGroup = 3CCED0132FF2255B00CAFBBF;
			minimizedProjectReferenceProxies = 1;
			preferredProjectObjectVersion = 77;
			productRefGroup = 3CCED01D2FF2255B00CAFBBF /* Products */;
			projectDirPath = "";
			projectRoot = "";
			targets = (
				3CCED01B2FF2255B00CAFBBF /* PaperTracker */,
				3CCED0282FF2255C00CAFBBF /* PaperTrackerTests */,
				3CCED0322FF2255C00CAFBBF /* PaperTrackerUITests */,
			);
		};
/* End PBXProject section */

/* Begin PBXResourcesBuildPhase section */
		3CCED01A2FF2255B00CAFBBF /* Resources */ = {
			isa = PBXResourcesBuildPhase;
			buildActionMask = 2147483647;
			files = (
			);
			runOnlyForDeploymentPostprocessing = 0;
		};
		3CCED0272FF2255C00CAFBBF /* Resources */ = {
			isa = PBXResourcesBuildPhase;
			buildActionMask = 2147483647;
			files = (
			);
			runOnlyForDeploymentPostprocessing = 0;
		};
		3CCED0312FF2255C00CAFBBF /* Resources */ = {
			isa = PBXResourcesBuildPhase;
			buildActionMask = 2147483647;
			files = (
			);
			runOnlyForDeploymentPostprocessing = 0;
		};
/* End PBXResourcesBuildPhase section */

/* Begin PBXSourcesBuildPhase section */
		3CCED0182FF2255B00CAFBBF /* Sources */ = {
			isa = PBXSourcesBuildPhase;
			buildActionMask = 2147483647;
			files = (
			);
			runOnlyForDeploymentPostprocessing = 0;
		};
		3CCED0252FF2255C00CAFBBF /* Sources */ = {
			isa = PBXSourcesBuildPhase;
			buildActionMask = 2147483647;
			files = (
			);
			runOnlyForDeploymentPostprocessing = 0;
		};
		3CCED02F2FF2255C00CAFBBF /* Sources */ = {
			isa = PBXSourcesBuildPhase;
			buildActionMask = 2147483647;
			files = (
			);
			runOnlyForDeploymentPostprocessing = 0;
		};
/* End PBXSourcesBuildPhase section */

/* Begin PBXTargetDependency section */
		3CCED02B2FF2255C00CAFBBF /* PBXTargetDependency */ = {
			isa = PBXTargetDependency;
			target = 3CCED01B2FF2255B00CAFBBF /* PaperTracker */;
			targetProxy = 3CCED02A2FF2255C00CAFBBF /* PBXContainerItemProxy */;
		};
		3CCED0352FF2255C00CAFBBF /* PBXTargetDependency */ = {
			isa = PBXTargetDependency;
			target = 3CCED01B2FF2255B00CAFBBF /* PaperTracker */;
			targetProxy = 3CCED0342FF2255C00CAFBBF /* PBXContainerItemProxy */;
		};
/* End PBXTargetDependency section */

/* Begin XCBuildConfiguration section */
		3CCED03B2FF2255C00CAFBBF /* Debug */ = {
			isa = XCBuildConfiguration;
			buildSettings = {
				ALWAYS_SEARCH_USER_PATHS = NO;
				ASSETCATALOG_COMPILER_GENERATE_SWIFT_ASSET_SYMBOL_EXTENSIONS = YES;
				CLANG_ANALYZER_NONNULL = YES;
				CLANG_ANALYZER_NUMBER_OBJECT_CONVERSION = YES_AGGRESSIVE;
				CLANG_CXX_LANGUAGE_STANDARD = "gnu++20";
				CLANG_ENABLE_MODULES = YES;
				CLANG_ENABLE_OBJC_ARC = YES;
				CLANG_ENABLE_OBJC_WEAK = YES;
				CLANG_WARN_BLOCK_CAPTURE_AUTORELEASING = YES;
				CLANG_WARN_BOOL_CONVERSION = YES;
				CLANG_WARN_COMMA = YES;
				CLANG_WARN_CONSTANT_CONVERSION = YES;
				CLANG_WARN_DEPRECATED_OBJC_IMPLEMENTATIONS = YES;
				CLANG_WARN_DIRECT_OBJC_ISA_USAGE = YES_ERROR;
				CLANG_WARN_DOCUMENTATION_COMMENTS = YES;
				CLANG_WARN_EMPTY_BODY = YES;
				CLANG_WARN_ENUM_CONVERSION = YES;
				CLANG_WARN_INFINITE_RECURSION = YES;
				CLANG_WARN_INT_CONVERSION = YES;
				CLANG_WARN_NON_LITERAL_NULL_CONVERSION = YES;
				CLANG_WARN_OBJC_IMPLICIT_RETAIN_SELF = YES;
				CLANG_WARN_OBJC_LITERAL_CONVERSION = YES;
				CLANG_WARN_OBJC_ROOT_CLASS = YES_ERROR;
				CLANG_WARN_QUOTED_INCLUDE_IN_FRAMEWORK_HEADER = YES;
				CLANG_WARN_RANGE_LOOP_ANALYSIS = YES;
				CLANG_WARN_STRICT_PROTOTYPES = YES;
				CLANG_WARN_SUSPICIOUS_MOVE = YES;
				CLANG_WARN_UNGUARDED_AVAILABILITY = YES_AGGRESSIVE;
				CLANG_WARN_UNREACHABLE_CODE = YES;
				CLANG_WARN__DUPLICATE_METHOD_MATCH = YES;
				COPY_PHASE_STRIP = NO;
				DEBUG_INFORMATION_FORMAT = dwarf;
				DEVELOPMENT_TEAM = G77VSVF58K;
				ENABLE_STRICT_OBJC_MSGSEND = YES;
				ENABLE_TESTABILITY = YES;
				ENABLE_USER_SCRIPT_SANDBOXING = YES;
				GCC_C_LANGUAGE_STANDARD = gnu17;
				GCC_DYNAMIC_NO_PIC = NO;
				GCC_NO_COMMON_BLOCKS = YES;
				GCC_OPTIMIZATION_LEVEL = 0;
				GCC_PREPROCESSOR_DEFINITIONS = (
					"DEBUG=1",
					"$(inherited)",
				);
				GCC_WARN_64_TO_32_BIT_CONVERSION = YES;
				GCC_WARN_ABOUT_RETURN_TYPE = YES_ERROR;
				GCC_WARN_UNDECLARED_SELECTOR = YES;
				GCC_WARN_UNINITIALIZED_AUTOS = YES_AGGRESSIVE;
				GCC_WARN_UNUSED_FUNCTION = YES;
				GCC_WARN_UNUSED_VARIABLE = YES;
				LOCALIZATION_PREFERS_STRING_CATALOGS = YES;
				MACOSX_DEPLOYMENT_TARGET = 26.5;
				MTL_ENABLE_DEBUG_INFO = INCLUDE_SOURCE;
				MTL_FAST_MATH = YES;
				ONLY_ACTIVE_ARCH = YES;
				SDKROOT = macosx;
				SWIFT_ACTIVE_COMPILATION_CONDITIONS = "DEBUG $(inherited)";
				SWIFT_OPTIMIZATION_LEVEL = "-Onone";
			};
			name = Debug;
		};
		3CCED03C2FF2255C00CAFBBF /* Release */ = {
			isa = XCBuildConfiguration;
			buildSettings = {
				ALWAYS_SEARCH_USER_PATHS = NO;
				ASSETCATALOG_COMPILER_GENERATE_SWIFT_ASSET_SYMBOL_EXTENSIONS = YES;
				CLANG_ANALYZER_NONNULL = YES;
				CLANG_ANALYZER_NUMBER_OBJECT_CONVERSION = YES_AGGRESSIVE;
				CLANG_CXX_LANGUAGE_STANDARD = "gnu++20";
				CLANG_ENABLE_MODULES = YES;
				CLANG_ENABLE_OBJC_ARC = YES;
				CLANG_ENABLE_OBJC_WEAK = YES;
				CLANG_WARN_BLOCK_CAPTURE_AUTORELEASING = YES;
				CLANG_WARN_BOOL_CONVERSION = YES;
				CLANG_WARN_COMMA = YES;
				CLANG_WARN_CONSTANT_CONVERSION = YES;
				CLANG_WARN_DEPRECATED_OBJC_IMPLEMENTATIONS = YES;
				CLANG_WARN_DIRECT_OBJC_ISA_USAGE = YES_ERROR;
				CLANG_WARN_DOCUMENTATION_COMMENTS = YES;
				CLANG_WARN_EMPTY_BODY = YES;
				CLANG_WARN_ENUM_CONVERSION = YES;
				CLANG_WARN_INFINITE_RECURSION = YES;
				CLANG_WARN_INT_CONVERSION = YES;
				CLANG_WARN_NON_LITERAL_NULL_CONVERSION = YES;
				CLANG_WARN_OBJC_IMPLICIT_RETAIN_SELF = YES;
				CLANG_WARN_OBJC_LITERAL_CONVERSION = YES;
				CLANG_WARN_OBJC_ROOT_CLASS = YES_ERROR;
				CLANG_WARN_QUOTED_INCLUDE_IN_FRAMEWORK_HEADER = YES;
				CLANG_WARN_RANGE_LOOP_ANALYSIS = YES;
				CLANG_WARN_STRICT_PROTOTYPES = YES;
				CLANG_WARN_SUSPICIOUS_MOVE = YES;
				CLANG_WARN_UNGUARDED_AVAILABILITY = YES_AGGRESSIVE;
				CLANG_WARN_UNREACHABLE_CODE = YES;
				CLANG_WARN__DUPLICATE_METHOD_MATCH = YES;
				COPY_PHASE_STRIP = NO;
				DEBUG_INFORMATION_FORMAT = "dwarf-with-dsym";
				DEVELOPMENT_TEAM = G77VSVF58K;
				ENABLE_NS_ASSERTIONS = NO;
				ENABLE_STRICT_OBJC_MSGSEND = YES;
				ENABLE_USER_SCRIPT_SANDBOXING = YES;
				GCC_C_LANGUAGE_STANDARD = gnu17;
				GCC_NO_COMMON_BLOCKS = YES;
				GCC_WARN_64_TO_32_BIT_CONVERSION = YES;
				GCC_WARN_ABOUT_RETURN_TYPE = YES_ERROR;
				GCC_WARN_UNDECLARED_SELECTOR = YES;
				GCC_WARN_UNINITIALIZED_AUTOS = YES_AGGRESSIVE;
				GCC_WARN_UNUSED_FUNCTION = YES;
				GCC_WARN_UNUSED_VARIABLE = YES;
				LOCALIZATION_PREFERS_STRING_CATALOGS = YES;
				MACOSX_DEPLOYMENT_TARGET = 26.5;
				MTL_ENABLE_DEBUG_INFO = NO;
				MTL_FAST_MATH = YES;
				SDKROOT = macosx;
				SWIFT_COMPILATION_MODE = wholemodule;
			};
			name = Release;
		};
		3CCED03E2FF2255C00CAFBBF /* Debug */ = {
			isa = XCBuildConfiguration;
			buildSettings = {
				ASSETCATALOG_COMPILER_APPICON_NAME = AppIcon;
				ASSETCATALOG_COMPILER_GLOBAL_ACCENT_COLOR_NAME = AccentColor;
				CODE_SIGN_STYLE = Automatic;
				COMBINE_HIDPI_IMAGES = YES;
				CURRENT_PROJECT_VERSION = 1;
				DEVELOPMENT_TEAM = G77VSVF58K;
				ENABLE_APP_SANDBOX = NO;
				ENABLE_HARDENED_RUNTIME = YES;
				ENABLE_PREVIEWS = YES;
				ENABLE_USER_SELECTED_FILES = readonly;
				GENERATE_INFOPLIST_FILE = YES;
				INFOPLIST_KEY_NSHumanReadableCopyright = "";
				LD_RUNPATH_SEARCH_PATHS = (
					"$(inherited)",
					"@executable_path/../Frameworks",
				);
				MARKETING_VERSION = 1.0;
				PRODUCT_BUNDLE_IDENTIFIER = com.linshenghe.PaperTracker;
				PRODUCT_NAME = "$(TARGET_NAME)";
				REGISTER_APP_GROUPS = YES;
				STRING_CATALOG_GENERATE_SYMBOLS = YES;
				SWIFT_APPROACHABLE_CONCURRENCY = YES;
				SWIFT_DEFAULT_ACTOR_ISOLATION = MainActor;
				SWIFT_EMIT_LOC_STRINGS = YES;
				SWIFT_UPCOMING_FEATURE_MEMBER_IMPORT_VISIBILITY = YES;
				SWIFT_VERSION = 5.0;
			};
			name = Debug;
		};
		3CCED03F2FF2255C00CAFBBF /* Release */ = {
			isa = XCBuildConfiguration;
			buildSettings = {
				ASSETCATALOG_COMPILER_APPICON_NAME = AppIcon;
				ASSETCATALOG_COMPILER_GLOBAL_ACCENT_COLOR_NAME = AccentColor;
				CODE_SIGN_STYLE = Automatic;
				COMBINE_HIDPI_IMAGES = YES;
				CURRENT_PROJECT_VERSION = 1;
				DEVELOPMENT_TEAM = G77VSVF58K;
				ENABLE_APP_SANDBOX = NO;
				ENABLE_HARDENED_RUNTIME = YES;
				ENABLE_PREVIEWS = YES;
				ENABLE_USER_SELECTED_FILES = readonly;
				GENERATE_INFOPLIST_FILE = YES;
				INFOPLIST_KEY_NSHumanReadableCopyright = "";
				LD_RUNPATH_SEARCH_PATHS = (
					"$(inherited)",
					"@executable_path/../Frameworks",
				);
				MARKETING_VERSION = 1.0;
				PRODUCT_BUNDLE_IDENTIFIER = com.linshenghe.PaperTracker;
				PRODUCT_NAME = "$(TARGET_NAME)";
				REGISTER_APP_GROUPS = YES;
				STRING_CATALOG_GENERATE_SYMBOLS = YES;
				SWIFT_APPROACHABLE_CONCURRENCY = YES;
				SWIFT_DEFAULT_ACTOR_ISOLATION = MainActor;
				SWIFT_EMIT_LOC_STRINGS = YES;
				SWIFT_UPCOMING_FEATURE_MEMBER_IMPORT_VISIBILITY = YES;
				SWIFT_VERSION = 5.0;
			};
			name = Release;
		};
		3CCED0412FF2255C00CAFBBF /* Debug */ = {
			isa = XCBuildConfiguration;
			buildSettings = {
				BUNDLE_LOADER = "$(TEST_HOST)";
				CODE_SIGN_STYLE = Automatic;
				CURRENT_PROJECT_VERSION = 1;
				DEVELOPMENT_TEAM = G77VSVF58K;
				GENERATE_INFOPLIST_FILE = YES;
				MACOSX_DEPLOYMENT_TARGET = 26.5;
				MARKETING_VERSION = 1.0;
				PRODUCT_BUNDLE_IDENTIFIER = com.linshenghe.PaperTrackerTests;
				PRODUCT_NAME = "$(TARGET_NAME)";
				STRING_CATALOG_GENERATE_SYMBOLS = NO;
				SWIFT_APPROACHABLE_CONCURRENCY = YES;
				SWIFT_EMIT_LOC_STRINGS = NO;
				SWIFT_UPCOMING_FEATURE_MEMBER_IMPORT_VISIBILITY = YES;
				SWIFT_VERSION = 5.0;
				TEST_HOST = "$(BUILT_PRODUCTS_DIR)/PaperTracker.app/$(BUNDLE_EXECUTABLE_FOLDER_PATH)/PaperTracker";
			};
			name = Debug;
		};
		3CCED0422FF2255C00CAFBBF /* Release */ = {
			isa = XCBuildConfiguration;
			buildSettings = {
				BUNDLE_LOADER = "$(TEST_HOST)";
				CODE_SIGN_STYLE = Automatic;
				CURRENT_PROJECT_VERSION = 1;
				DEVELOPMENT_TEAM = G77VSVF58K;
				GENERATE_INFOPLIST_FILE = YES;
				MACOSX_DEPLOYMENT_TARGET = 26.5;
				MARKETING_VERSION = 1.0;
				PRODUCT_BUNDLE_IDENTIFIER = com.linshenghe.PaperTrackerTests;
				PRODUCT_NAME = "$(TARGET_NAME)";
				STRING_CATALOG_GENERATE_SYMBOLS = NO;
				SWIFT_APPROACHABLE_CONCURRENCY = YES;
				SWIFT_EMIT_LOC_STRINGS = NO;
				SWIFT_UPCOMING_FEATURE_MEMBER_IMPORT_VISIBILITY = YES;
				SWIFT_VERSION = 5.0;
				TEST_HOST = "$(BUILT_PRODUCTS_DIR)/PaperTracker.app/$(BUNDLE_EXECUTABLE_FOLDER_PATH)/PaperTracker";
			};
			name = Release;
		};
		3CCED0442FF2255C00CAFBBF /* Debug */ = {
			isa = XCBuildConfiguration;
			buildSettings = {
				CODE_SIGN_STYLE = Automatic;
				CURRENT_PROJECT_VERSION = 1;
				DEVELOPMENT_TEAM = G77VSVF58K;
				GENERATE_INFOPLIST_FILE = YES;
				MARKETING_VERSION = 1.0;
				PRODUCT_BUNDLE_IDENTIFIER = com.linshenghe.PaperTrackerUITests;
				PRODUCT_NAME = "$(TARGET_NAME)";
				STRING_CATALOG_GENERATE_SYMBOLS = NO;
				SWIFT_APPROACHABLE_CONCURRENCY = YES;
				SWIFT_EMIT_LOC_STRINGS = NO;
				SWIFT_UPCOMING_FEATURE_MEMBER_IMPORT_VISIBILITY = YES;
				SWIFT_VERSION = 5.0;
				TEST_TARGET_NAME = PaperTracker;
			};
			name = Debug;
		};
		3CCED0452FF2255C00CAFBBF /* Release */ = {
			isa = XCBuildConfiguration;
			buildSettings = {
				CODE_SIGN_STYLE = Automatic;
				CURRENT_PROJECT_VERSION = 1;
				DEVELOPMENT_TEAM = G77VSVF58K;
				GENERATE_INFOPLIST_FILE = YES;
				MARKETING_VERSION = 1.0;
				PRODUCT_BUNDLE_IDENTIFIER = com.linshenghe.PaperTrackerUITests;
				PRODUCT_NAME = "$(TARGET_NAME)";
				STRING_CATALOG_GENERATE_SYMBOLS = NO;
				SWIFT_APPROACHABLE_CONCURRENCY = YES;
				SWIFT_EMIT_LOC_STRINGS = NO;
				SWIFT_UPCOMING_FEATURE_MEMBER_IMPORT_VISIBILITY = YES;
				SWIFT_VERSION = 5.0;
				TEST_TARGET_NAME = PaperTracker;
			};
			name = Release;
		};
/* End XCBuildConfiguration section */

/* Begin XCConfigurationList section */
		3CCED0172FF2255B00CAFBBF /* Build configuration list for PBXProject "PaperTracker" */ = {
			isa = XCConfigurationList;
			buildConfigurations = (
				3CCED03B2FF2255C00CAFBBF /* Debug */,
				3CCED03C2FF2255C00CAFBBF /* Release */,
			);
			defaultConfigurationIsVisible = 0;
			defaultConfigurationName = Release;
		};
		3CCED03D2FF2255C00CAFBBF /* Build configuration list for PBXNativeTarget "PaperTracker" */ = {
			isa = XCConfigurationList;
			buildConfigurations = (
				3CCED03E2FF2255C00CAFBBF /* Debug */,
				3CCED03F2FF2255C00CAFBBF /* Release */,
			);
			defaultConfigurationIsVisible = 0;
			defaultConfigurationName = Release;
		};
		3CCED0402FF2255C00CAFBBF /* Build configuration list for PBXNativeTarget "PaperTrackerTests" */ = {
			isa = XCConfigurationList;
			buildConfigurations = (
				3CCED0412FF2255C00CAFBBF /* Debug */,
				3CCED0422FF2255C00CAFBBF /* Release */,
			);
			defaultConfigurationIsVisible = 0;
			defaultConfigurationName = Release;
		};
		3CCED0432FF2255C00CAFBBF /* Build configuration list for PBXNativeTarget "PaperTrackerUITests" */ = {
			isa = XCConfigurationList;
			buildConfigurations = (
				3CCED0442FF2255C00CAFBBF /* Debug */,
				3CCED0452FF2255C00CAFBBF /* Release */,
			);
			defaultConfigurationIsVisible = 0;
			defaultConfigurationName = Release;
		};
/* End XCConfigurationList section */
	};
	rootObject = 3CCED0142FF2255B00CAFBBF /* Project object */;
}
